
Microsoft Visual Studio Solution File, Format Version 12.00
# Visual Studio Version 16
VisualStudioVersion = 16.0.30406.217
MinimumVisualStudioVersion = 10.0.40219.1
Project("{FAE04EC0-301F-11D3-BF4B-00C04F79EFBC}") = "ControleEstoque.Web", "ControleEstoque.Web\ControleEstoque.Web.csproj", "{3E378D33-AC6C-4E4C-ABA1-3CC4D1F71A01}"
EndProject
Global
	GlobalSection(SolutionConfigurationPlatforms) = preSolution
		Debug|Any CPU = Debug|Any CPU
		Release|Any CPU = Release|Any CPU
	EndGlobalSection
	GlobalSection(ProjectConfigurationPlatforms) = postSolution
		{3E378D33-AC6C-4E4C-ABA1-3CC4D1F71A01}.Debug|Any CPU.ActiveCfg = Debug|Any CPU
		{3E378D33-AC6C-4E4C-ABA1-3CC4D1F71A01}.Debug|Any CPU.Build.0 = Debug|Any CPU
		{3E378D33-AC6C-4E4C-ABA1-3CC4D1F71A01}.Release|Any CPU.ActiveCfg = Release|Any CPU
		{3E378D33-AC6C-4E4C-ABA1-3CC4D1F71A01}.Release|Any CPU.Build.0 = Release|Any CPU
	EndGlobalSection
	GlobalSection(SolutionProperties) = preSolution
		HideSolutionNode = FALSE
	EndGlobalSection
	GlobalSection(ExtensibilityGlobals) = postSolution
		SolutionGuid = {B93F66D9-3C9B-4473-ACF8-1E004098DA91}
	EndGlobalSection
EndGlobal
